// !$*UTF8*$!
{
	archiveVersion = 1;
	classes = {
	};
	objectVersion = 50;
	objects = {

/* Begin PBXBuildFile section */
		8510BA7A20FB4E390015164D /* UIImageView+Cache.swift in Sources */ = {isa = PBXBuildFile; fileRef = 8510BA7920FB4E390015164D /* UIImageView+Cache.swift */; };
		8510BA7C20FB4F160015164D /* ImageCache.swift in Sources */ = {isa = PBXBuildFile; fileRef = 8510BA7B20FB4F160015164D /* ImageCache.swift */; };
		8510BA8120FB53060015164D /* MemoryCache.swift in Sources */ = {isa = PBXBuildFile; fileRef = 8510BA8020FB53060015164D /* MemoryCache.swift */; };
		8510BA8820FB5D9C0015164D /* LimitedCache.swift in Sources */ = {isa = PBXBuildFile; fileRef = 8510BA8720FB5D9C0015164D /* LimitedCache.swift */; };
		85112246210CE9E00038D6BF /* MemoryCostResolver.swift in Sources */ = {isa = PBXBuildFile; fileRef = 85112245210CE9E00038D6BF /* MemoryCostResolver.swift */; };
		85112248210CECED0038D6BF /* ImageCostResolver.swift in Sources */ = {isa = PBXBuildFile; fileRef = 85112247210CECED0038D6BF /* ImageCostResolver.swift */; };
		8511224A210CED0B0038D6BF /* AnyMemoryCostResolver.swift in Sources */ = {isa = PBXBuildFile; fileRef = 85112249210CED0B0038D6BF /* AnyMemoryCostResolver.swift */; };
		8511224F210CF11B0038D6BF /* ImageCacheInput.swift in Sources */ = {isa = PBXBuildFile; fileRef = 8511224E210CF11B0038D6BF /* ImageCacheInput.swift */; };
		85112252210D02420038D6BF /* FileResolver.swift in Sources */ = {isa = PBXBuildFile; fileRef = 85112251210D02420038D6BF /* FileResolver.swift */; };
		85112254210D10FC0038D6BF /* ImageDecoder.swift in Sources */ = {isa = PBXBuildFile; fileRef = 85112253210D10FC0038D6BF /* ImageDecoder.swift */; };
		851B7AC32110CFF500C95747 /* ImageEncoder.swift in Sources */ = {isa = PBXBuildFile; fileRef = 851B7AC22110CFF500C95747 /* ImageEncoder.swift */; };
		8566886B20F78BAD00BC8422 /* SwiftImageCache.h in Headers */ = {isa = PBXBuildFile; fileRef = 8566886920F78BAD00BC8422 /* SwiftImageCache.h */; settings = {ATTRIBUTES = (Public, ); }; };
		85E36BB121161AC40039C5F7 /* MD5.swift in Sources */ = {isa = PBXBuildFile; fileRef = 85E36BB021161AC40039C5F7 /* MD5.swift */; };
		85E36BB4211620000039C5F7 /* Array+Hex.swift in Sources */ = {isa = PBXBuildFile; fileRef = 85E36BB3211620000039C5F7 /* Array+Hex.swift */; };
		85E36BB82116223E0039C5F7 /* MD5+Bytes.swift in Sources */ = {isa = PBXBuildFile; fileRef = 85E36BB72116223E0039C5F7 /* MD5+Bytes.swift */; };
/* End PBXBuildFile section */

/* Begin PBXFileReference section */
		8510BA7920FB4E390015164D /* UIImageView+Cache.swift */ = {isa = PBXFileReference; lastKnownFileType = sourcecode.swift; path = "UIImageView+Cache.swift"; sourceTree = "<group>"; };
		8510BA7B20FB4F160015164D /* ImageCache.swift */ = {isa = PBXFileReference; lastKnownFileType = sourcecode.swift; path = ImageCache.swift; sourceTree = "<group>"; };
		8510BA8020FB53060015164D /* MemoryCache.swift */ = {isa = PBXFileReference; lastKnownFileType = sourcecode.swift; path = MemoryCache.swift; sourceTree = "<group>"; };
		8510BA8720FB5D9C0015164D /* LimitedCache.swift */ = {isa = PBXFileReference; lastKnownFileType = sourcecode.swift; path = LimitedCache.swift; sourceTree = "<group>"; };
		85112245210CE9E00038D6BF /* MemoryCostResolver.swift */ = {isa = PBXFileReference; lastKnownFileType = sourcecode.swift; path = MemoryCostResolver.swift; sourceTree = "<group>"; };
		85112247210CECED0038D6BF /* ImageCostResolver.swift */ = {isa = PBXFileReference; lastKnownFileType = sourcecode.swift; path = ImageCostResolver.swift; sourceTree = "<group>"; };
		85112249210CED0B0038D6BF /* AnyMemoryCostResolver.swift */ = {isa = PBXFileReference; lastKnownFileType = sourcecode.swift; path = AnyMemoryCostResolver.swift; sourceTree = "<group>"; };
		8511224E210CF11B0038D6BF /* ImageCacheInput.swift */ = {isa = PBXFileReference; lastKnownFileType = sourcecode.swift; path = ImageCacheInput.swift; sourceTree = "<group>"; };
		85112251210D02420038D6BF /* FileResolver.swift */ = {isa = PBXFileReference; lastKnownFileType = sourcecode.swift; path = FileResolver.swift; sourceTree = "<group>"; };
		85112253210D10FC0038D6BF /* ImageDecoder.swift */ = {isa = PBXFileReference; lastKnownFileType = sourcecode.swift; path = ImageDecoder.swift; sourceTree = "<group>"; };
		851B7AC22110CFF500C95747 /* ImageEncoder.swift */ = {isa = PBXFileReference; lastKnownFileType = sourcecode.swift; path = ImageEncoder.swift; sourceTree = "<group>"; };
		8566886620F78BAD00BC8422 /* SwiftImageCache.framework */ = {isa = PBXFileReference; explicitFileType = wrapper.framework; includeInIndex = 0; path = SwiftImageCache.framework; sourceTree = BUILT_PRODUCTS_DIR; };
		8566886920F78BAD00BC8422 /* SwiftImageCache.h */ = {isa = PBXFileReference; lastKnownFileType = sourcecode.c.h; path = SwiftImageCache.h; sourceTree = "<group>"; };
		8566886A20F78BAD00BC8422 /* Info.plist */ = {isa = PBXFileReference; lastKnownFileType = text.plist.xml; path = Info.plist; sourceTree = "<group>"; };
		85E36BB021161AC40039C5F7 /* MD5.swift */ = {isa = PBXFileReference; lastKnownFileType = sourcecode.swift; path = MD5.swift; sourceTree = "<group>"; };
		85E36BB3211620000039C5F7 /* Array+Hex.swift */ = {isa = PBXFileReference; lastKnownFileType = sourcecode.swift; path = "Array+Hex.swift"; sourceTree = "<group>"; };
		85E36BB72116223E0039C5F7 /* MD5+Bytes.swift */ = {isa = PBXFileReference; lastKnownFileType = sourcecode.swift; path = "MD5+Bytes.swift"; sourceTree = "<group>"; };
/* End PBXFileReference section */

/* Begin PBXFrameworksBuildPhase section */
		8566886220F78BAD00BC8422 /* Frameworks */ = {
			isa = PBXFrameworksBuildPhase;
			buildActionMask = 2147483647;
			files = (
			);
			runOnlyForDeploymentPostprocessing = 0;
		};
/* End PBXFrameworksBuildPhase section */

/* Begin PBXGroup section */
		8510BA8220FB53100015164D /* Extensions */ = {
			isa = PBXGroup;
			children = (
				8510BA7920FB4E390015164D /* UIImageView+Cache.swift */,
			);
			path = Extensions;
			sourceTree = "<group>";
		};
		8510BA8320FB53180015164D /* Cache */ = {
			isa = PBXGroup;
			children = (
				8511224D210CF1080038D6BF /* ImageCache */,
				8511224C210CED4F0038D6BF /* MemoryCache */,
			);
			path = Cache;
			sourceTree = "<group>";
		};
		8511224C210CED4F0038D6BF /* MemoryCache */ = {
			isa = PBXGroup;
			children = (
				8510BA8020FB53060015164D /* MemoryCache.swift */,
				8510BA8720FB5D9C0015164D /* LimitedCache.swift */,
				851B7AC42110D54C00C95747 /* Dependencies */,
			);
			path = MemoryCache;
			sourceTree = "<group>";
		};
		8511224D210CF1080038D6BF /* ImageCache */ = {
			isa = PBXGroup;
			children = (
				8511224E210CF11B0038D6BF /* ImageCacheInput.swift */,
				8510BA7B20FB4F160015164D /* ImageCache.swift */,
				851B7AC12110CFA400C95747 /* Depedencies */,
			);
			path = ImageCache;
			sourceTree = "<group>";
		};
		851B7AC12110CFA400C95747 /* Depedencies */ = {
			isa = PBXGroup;
			children = (
				85112251210D02420038D6BF /* FileResolver.swift */,
				85112253210D10FC0038D6BF /* ImageDecoder.swift */,
				851B7AC22110CFF500C95747 /* ImageEncoder.swift */,
				85E36BB221161B620039C5F7 /* MD5 */,
			);
			path = Depedencies;
			sourceTree = "<group>";
		};
		851B7AC42110D54C00C95747 /* Dependencies */ = {
			isa = PBXGroup;
			children = (
				85112245210CE9E00038D6BF /* MemoryCostResolver.swift */,
				85112249210CED0B0038D6BF /* AnyMemoryCostResolver.swift */,
				85112247210CECED0038D6BF /* ImageCostResolver.swift */,
			);
			path = Dependencies;
			sourceTree = "<group>";
		};
		8566885C20F78BAD00BC8422 = {
			isa = PBXGroup;
			children = (
				8566886820F78BAD00BC8422 /* SwiftImageCache */,
				8566886720F78BAD00BC8422 /* Products */,
			);
			sourceTree = "<group>";
		};
		8566886720F78BAD00BC8422 /* Products */ = {
			isa = PBXGroup;
			children = (
				8566886620F78BAD00BC8422 /* SwiftImageCache.framework */,
			);
			name = Products;
			sourceTree = "<group>";
		};
		8566886820F78BAD00BC8422 /* SwiftImageCache */ = {
			isa = PBXGroup;
			children = (
				8566886920F78BAD00BC8422 /* SwiftImageCache.h */,
				8566886A20F78BAD00BC8422 /* Info.plist */,
				8510BA8220FB53100015164D /* Extensions */,
				8510BA8320FB53180015164D /* Cache */,
			);
			path = SwiftImageCache;
			sourceTree = "<group>";
		};
		85E36BB221161B620039C5F7 /* MD5 */ = {
			isa = PBXGroup;
			children = (
				85E36BB021161AC40039C5F7 /* MD5.swift */,
				85E36BB72116223E0039C5F7 /* MD5+Bytes.swift */,
				85E36BB3211620000039C5F7 /* Array+Hex.swift */,
			);
			path = MD5;
			sourceTree = "<group>";
		};
/* End PBXGroup section */

/* Begin PBXHeadersBuildPhase section */
		8566886320F78BAD00BC8422 /* Headers */ = {
			isa = PBXHeadersBuildPhase;
			buildActionMask = 2147483647;
			files = (
				8566886B20F78BAD00BC8422 /* SwiftImageCache.h in Headers */,
			);
			runOnlyForDeploymentPostprocessing = 0;
		};
/* End PBXHeadersBuildPhase section */

/* Begin PBXNativeTarget section */
		8566886520F78BAD00BC8422 /* SwiftImageCache */ = {
			isa = PBXNativeTarget;
			buildConfigurationList = 8566886E20F78BAD00BC8422 /* Build configuration list for PBXNativeTarget "SwiftImageCache" */;
			buildPhases = (
				8566886120F78BAD00BC8422 /* Sources */,
				8566886220F78BAD00BC8422 /* Frameworks */,
				8566886320F78BAD00BC8422 /* Headers */,
				8566886420F78BAD00BC8422 /* Resources */,
			);
			buildRules = (
			);
			dependencies = (
			);
			name = SwiftImageCache;
			productName = SwiftImageCache;
			productReference = 8566886620F78BAD00BC8422 /* SwiftImageCache.framework */;
			productType = "com.apple.product-type.framework";
		};
/* End PBXNativeTarget section */

/* Begin PBXProject section */
		8566885D20F78BAD00BC8422 /* Project object */ = {
			isa = PBXProject;
			attributes = {
				LastUpgradeCheck = 0940;
				ORGANIZATIONNAME = "Anton Poltoratskyi";
				TargetAttributes = {
					8566886520F78BAD00BC8422 = {
						CreatedOnToolsVersion = 9.4.1;
						LastSwiftMigration = 0940;
					};
				};
			};
			buildConfigurationList = 8566886020F78BAD00BC8422 /* Build configuration list for PBXProject "SwiftImageCache" */;
			compatibilityVersion = "Xcode 9.3";
			developmentRegion = en;
			hasScannedForEncodings = 0;
			knownRegions = (
				en,
			);
			mainGroup = 8566885C20F78BAD00BC8422;
			productRefGroup = 8566886720F78BAD00BC8422 /* Products */;
			projectDirPath = "";
			projectRoot = "";
			targets = (
				8566886520F78BAD00BC8422 /* SwiftImageCache */,
			);
		};
/* End PBXProject section */

/* Begin PBXResourcesBuildPhase section */
		8566886420F78BAD00BC8422 /* Resources */ = {
			isa = PBXResourcesBuildPhase;
			buildActionMask = 2147483647;
			files = (
			);
			runOnlyForDeploymentPostprocessing = 0;
		};
/* End PBXResourcesBuildPhase section */

/* Begin PBXSourcesBuildPhase section */
		8566886120F78BAD00BC8422 /* Sources */ = {
			isa = PBXSourcesBuildPhase;
			buildActionMask = 2147483647;
			files = (
				8510BA7C20FB4F160015164D /* ImageCache.swift in Sources */,
				85112248210CECED0038D6BF /* ImageCostResolver.swift in Sources */,
				85E36BB121161AC40039C5F7 /* MD5.swift in Sources */,
				85112254210D10FC0038D6BF /* ImageDecoder.swift in Sources */,
				8510BA8820FB5D9C0015164D /* LimitedCache.swift in Sources */,
				8510BA8120FB53060015164D /* MemoryCache.swift in Sources */,
				8511224F210CF11B0038D6BF /* ImageCacheInput.swift in Sources */,
				8511224A210CED0B0038D6BF /* AnyMemoryCostResolver.swift in Sources */,
				8510BA7A20FB4E390015164D /* UIImageView+Cache.swift in Sources */,
				851B7AC32110CFF500C95747 /* ImageEncoder.swift in Sources */,
				85112246210CE9E00038D6BF /* MemoryCostResolver.swift in Sources */,
				85E36BB82116223E0039C5F7 /* MD5+Bytes.swift in Sources */,
				85E36BB4211620000039C5F7 /* Array+Hex.swift in Sources */,
				85112252210D02420038D6BF /* FileResolver.swift in Sources */,
			);
			runOnlyForDeploymentPostprocessing = 0;
		};
/* End PBXSourcesBuildPhase section */

/* Begin XCBuildConfiguration section */
		8566886C20F78BAD00BC8422 /* Debug */ = {
			isa = XCBuildConfiguration;
			buildSettings = {
				ALWAYS_SEARCH_USER_PATHS = NO;
				CLANG_ANALYZER_NONNULL = YES;
				CLANG_ANALYZER_NUMBER_OBJECT_CONVERSION = YES_AGGRESSIVE;
				CLANG_CXX_LANGUAGE_STANDARD = "gnu++14";
				CLANG_CXX_LIBRARY = "libc++";
				CLANG_ENABLE_MODULES = YES;
				CLANG_ENABLE_OBJC_ARC = YES;
				CLANG_ENABLE_OBJC_WEAK = YES;
				CLANG_WARN_BLOCK_CAPTURE_AUTORELEASING = YES;
				CLANG_WARN_BOOL_CONVERSION = YES;
				CLANG_WARN_COMMA = YES;
				CLANG_WARN_CONSTANT_CONVERSION = YES;
				CLANG_WARN_DEPRECATED_OBJC_IMPLEMENTATIONS = YES;
				CLANG_WARN_DIRECT_OBJC_ISA_USAGE = YES_ERROR;
				CLANG_WARN_DOCUMENTATION_COMMENTS = YES;
				CLANG_WARN_EMPTY_BODY = YES;
				CLANG_WARN_ENUM_CONVERSION = YES;
				CLANG_WARN_INFINITE_RECURSION = YES;
				CLANG_WARN_INT_CONVERSION = YES;
				CLANG_WARN_NON_LITERAL_NULL_CONVERSION = YES;
				CLANG_WARN_OBJC_IMPLICIT_RETAIN_SELF = YES;
				CLANG_WARN_OBJC_LITERAL_CONVERSION = YES;
				CLANG_WARN_OBJC_ROOT_CLASS = YES_ERROR;
				CLANG_WARN_RANGE_LOOP_ANALYSIS = YES;
				CLANG_WARN_STRICT_PROTOTYPES = YES;
				CLANG_WARN_SUSPICIOUS_MOVE = YES;
				CLANG_WARN_UNGUARDED_AVAILABILITY = YES_AGGRESSIVE;
				CLANG_WARN_UNREACHABLE_CODE = YES;
				CLANG_WARN__DUPLICATE_METHOD_MATCH = YES;
				CODE_SIGN_IDENTITY = "iPhone Developer";
				COPY_PHASE_STRIP = NO;
				CURRENT_PROJECT_VERSION = 1;
				DEBUG_INFORMATION_FORMAT = dwarf;
				ENABLE_STRICT_OBJC_MSGSEND = YES;
				ENABLE_TESTABILITY = YES;
				GCC_C_LANGUAGE_STANDARD = gnu11;
				GCC_DYNAMIC_NO_PIC = NO;
				GCC_NO_COMMON_BLOCKS = YES;
				GCC_OPTIMIZATION_LEVEL = 0;
				GCC_PREPROCESSOR_DEFINITIONS = (
					"DEBUG=1",
					"$(inherited)",
				);
				GCC_WARN_64_TO_32_BIT_CONVERSION = YES;
				GCC_WARN_ABOUT_RETURN_TYPE = YES_ERROR;
				GCC_WARN_UNDECLARED_SELECTOR = YES;
				GCC_WARN_UNINITIALIZED_AUTOS = YES_AGGRESSIVE;
				GCC_WARN_UNUSED_FUNCTION = YES;
				GCC_WARN_UNUSED_VARIABLE = YES;
				IPHONEOS_DEPLOYMENT_TARGET = 11.4;
				MTL_ENABLE_DEBUG_INFO = YES;
				ONLY_ACTIVE_ARCH = YES;
				SDKROOT = iphoneos;
				SWIFT_ACTIVE_COMPILATION_CONDITIONS = DEBUG;
				SWIFT_OPTIMIZATION_LEVEL = "-Onone";
				VERSIONING_SYSTEM = "apple-generic";
				VERSION_INFO_PREFIX = "";
			};
			name = Debug;
		};
		8566886D20F78BAD00BC8422 /* Release */ = {
			isa = XCBuildConfiguration;
			buildSettings = {
				ALWAYS_SEARCH_USER_PATHS = NO;
				CLANG_ANALYZER_NONNULL = YES;
				CLANG_ANALYZER_NUMBER_OBJECT_CONVERSION = YES_AGGRESSIVE;
				CLANG_CXX_LANGUAGE_STANDARD = "gnu++14";
				CLANG_CXX_LIBRARY = "libc++";
				CLANG_ENABLE_MODULES = YES;
				CLANG_ENABLE_OBJC_ARC = YES;
				CLANG_ENABLE_OBJC_WEAK = YES;
				CLANG_WARN_BLOCK_CAPTURE_AUTORELEASING = YES;
				CLANG_WARN_BOOL_CONVERSION = YES;
				CLANG_WARN_COMMA = YES;
				CLANG_WARN_CONSTANT_CONVERSION = YES;
				CLANG_WARN_DEPRECATED_OBJC_IMPLEMENTATIONS = YES;
				CLANG_WARN_DIRECT_OBJC_ISA_USAGE = YES_ERROR;
				CLANG_WARN_DOCUMENTATION_COMMENTS = YES;
				CLANG_WARN_EMPTY_BODY = YES;
				CLANG_WARN_ENUM_CONVERSION = YES;
				CLANG_WARN_INFINITE_RECURSION = YES;
				CLANG_WARN_INT_CONVERSION = YES;
				CLANG_WARN_NON_LITERAL_NULL_CONVERSION = YES;
				CLANG_WARN_OBJC_IMPLICIT_RETAIN_SELF = YES;
				CLANG_WARN_OBJC_LITERAL_CONVERSION = YES;
				CLANG_WARN_OBJC_ROOT_CLASS = YES_ERROR;
				CLANG_WARN_RANGE_LOOP_ANALYSIS = YES;
				CLANG_WARN_STRICT_PROTOTYPES = YES;
				CLANG_WARN_SUSPICIOUS_MOVE = YES;
				CLANG_WARN_UNGUARDED_AVAILABILITY = YES_AGGRESSIVE;
				CLANG_WARN_UNREACHABLE_CODE = YES;
				CLANG_WARN__DUPLICATE_METHOD_MATCH = YES;
				CODE_SIGN_IDENTITY = "iPhone Developer";
				COPY_PHASE_STRIP = NO;
				CURRENT_PROJECT_VERSION = 1;
				DEBUG_INFORMATION_FORMAT = "dwarf-with-dsym";
				ENABLE_NS_ASSERTIONS = NO;
				ENABLE_STRICT_OBJC_MSGSEND = YES;
				GCC_C_LANGUAGE_STANDARD = gnu11;
				GCC_NO_COMMON_BLOCKS = YES;
				GCC_WARN_64_TO_32_BIT_CONVERSION = YES;
				GCC_WARN_ABOUT_RETURN_TYPE = YES_ERROR;
				GCC_WARN_UNDECLARED_SELECTOR = YES;
				GCC_WARN_UNINITIALIZED_AUTOS = YES_AGGRESSIVE;
				GCC_WARN_UNUSED_FUNCTION = YES;
				GCC_WARN_UNUSED_VARIABLE = YES;
				IPHONEOS_DEPLOYMENT_TARGET = 11.4;
				MTL_ENABLE_DEBUG_INFO = NO;
				SDKROOT = iphoneos;
				SWIFT_COMPILATION_MODE = wholemodule;
				SWIFT_OPTIMIZATION_LEVEL = "-O";
				VALIDATE_PRODUCT = YES;
				VERSIONING_SYSTEM = "apple-generic";
				VERSION_INFO_PREFIX = "";
			};
			name = Release;
		};
		8566886F20F78BAD00BC8422 /* Debug */ = {
			isa = XCBuildConfiguration;
			buildSettings = {
				CLANG_ENABLE_MODULES = YES;
				CODE_SIGN_IDENTITY = "";
				CODE_SIGN_STYLE = Automatic;
				DEFINES_MODULE = YES;
				DEVELOPMENT_TEAM = 69HX7T8G92;
				DYLIB_COMPATIBILITY_VERSION = 1;
				DYLIB_CURRENT_VERSION = 1;
				DYLIB_INSTALL_NAME_BASE = "@rpath";
				INFOPLIST_FILE = SwiftImageCache/Info.plist;
				INSTALL_PATH = "$(LOCAL_LIBRARY_DIR)/Frameworks";
				LD_RUNPATH_SEARCH_PATHS = (
					"$(inherited)",
					"@executable_path/Frameworks",
					"@loader_path/Frameworks",
				);
				PRODUCT_BUNDLE_IDENTIFIER = com.polant.SwiftImageCache;
				PRODUCT_NAME = "$(TARGET_NAME:c99extidentifier)";
				SKIP_INSTALL = YES;
				SWIFT_OPTIMIZATION_LEVEL = "-Onone";
				SWIFT_VERSION = 4.2;
				TARGETED_DEVICE_FAMILY = "1,2";
			};
			name = Debug;
		};
		8566887020F78BAD00BC8422 /* Release */ = {
			isa = XCBuildConfiguration;
			buildSettings = {
				CLANG_ENABLE_MODULES = YES;
				CODE_SIGN_IDENTITY = "";
				CODE_SIGN_STYLE = Automatic;
				DEFINES_MODULE = YES;
				DEVELOPMENT_TEAM = 69HX7T8G92;
				DYLIB_COMPATIBILITY_VERSION = 1;
				DYLIB_CURRENT_VERSION = 1;
				DYLIB_INSTALL_NAME_BASE = "@rpath";
				INFOPLIST_FILE = SwiftImageCache/Info.plist;
				INSTALL_PATH = "$(LOCAL_LIBRARY_DIR)/Frameworks";
				LD_RUNPATH_SEARCH_PATHS = (
					"$(inherited)",
					"@executable_path/Frameworks",
					"@loader_path/Frameworks",
				);
				PRODUCT_BUNDLE_IDENTIFIER = com.polant.SwiftImageCache;
				PRODUCT_NAME = "$(TARGET_NAME:c99extidentifier)";
				SKIP_INSTALL = YES;
				SWIFT_VERSION = 4.2;
				TARGETED_DEVICE_FAMILY = "1,2";
			};
			name = Release;
		};
/* End XCBuildConfiguration section */

/* Begin XCConfigurationList section */
		8566886020F78BAD00BC8422 /* Build configuration list for PBXProject "SwiftImageCache" */ = {
			isa = XCConfigurationList;
			buildConfigurations = (
				8566886C20F78BAD00BC8422 /* Debug */,
				8566886D20F78BAD00BC8422 /* Release */,
			);
			defaultConfigurationIsVisible = 0;
			defaultConfigurationName = Release;
		};
		8566886E20F78BAD00BC8422 /* Build configuration list for PBXNativeTarget "SwiftImageCache" */ = {
			isa = XCConfigurationList;
			buildConfigurations = (
				8566886F20F78BAD00BC8422 /* Debug */,
				8566887020F78BAD00BC8422 /* Release */,
			);
			defaultConfigurationIsVisible = 0;
			defaultConfigurationName = Release;
		};
/* End XCConfigurationList section */
	};
	rootObject = 8566885D20F78BAD00BC8422 /* Project object */;
}
